
Microsoft Visual Studio Solution File, Format Version 12.00
# Visual Studio 15
VisualStudioVersion = 15.0.28307.329
MinimumVisualStudioVersion = 10.0.40219.1
Project("{FAE04EC0-301F-11D3-BF4B-00C04F79EFBC}") = "OOP_UnitTestableShare", "OOP_UnitTestableShare\OOP_UnitTestableShare.csproj", "{42B43A6B-A995-4ED8-A60F-B56EB95752F0}"
EndProject
Project("{FAE04EC0-301F-11D3-BF4B-00C04F79EFBC}") = "BuildingTester", "BuildingTester\BuildingTester.csproj", "{7AE00705-9C0D-4D91-979B-4A74C13736E4}"
EndProject
Global
	GlobalSection(SolutionConfigurationPlatforms) = preSolution
		Debug|Any CPU = Debug|Any CPU
		Release|Any CPU = Release|Any CPU
	EndGlobalSection
	GlobalSection(ProjectConfigurationPlatforms) = postSolution
		{42B43A6B-A995-4ED8-A60F-B56EB95752F0}.Debug|Any CPU.ActiveCfg = Debug|Any CPU
		{42B43A6B-A995-4ED8-A60F-B56EB95752F0}.Debug|Any CPU.Build.0 = Debug|Any CPU
		{42B43A6B-A995-4ED8-A60F-B56EB95752F0}.Release|Any CPU.ActiveCfg = Release|Any CPU
		{42B43A6B-A995-4ED8-A60F-B56EB95752F0}.Release|Any CPU.Build.0 = Release|Any CPU
		{7AE00705-9C0D-4D91-979B-4A74C13736E4}.Debug|Any CPU.ActiveCfg = Debug|Any CPU
		{7AE00705-9C0D-4D91-979B-4A74C13736E4}.Debug|Any CPU.Build.0 = Debug|Any CPU
		{7AE00705-9C0D-4D91-979B-4A74C13736E4}.Release|Any CPU.ActiveCfg = Release|Any CPU
		{7AE00705-9C0D-4D91-979B-4A74C13736E4}.Release|Any CPU.Build.0 = Release|Any CPU
	EndGlobalSection
	GlobalSection(SolutionProperties) = preSolution
		HideSolutionNode = FALSE
	EndGlobalSection
	GlobalSection(ExtensibilityGlobals) = postSolution
		SolutionGuid = {02CECC9A-4078-44A4-8DCE-2D5CB6B0AA58}
	EndGlobalSection
EndGlobal
